
Microsoft Visual Studio Solution File, Format Version 12.00
# Visual Studio Version 16
VisualStudioVersion = 16.0.29926.136
MinimumVisualStudioVersion = 10.0.40219.1
Project("{FAE04EC0-301F-11D3-BF4B-00C04F79EFBC}") = "Covid19", "Covid19\Covid19.csproj", "{23B8085E-98DA-4179-A381-EB29502DF63E}"
EndProject
Global
	GlobalSection(SolutionConfigurationPlatforms) = preSolution
		Debug|Any CPU = Debug|Any CPU
		Release|Any CPU = Release|Any CPU
	EndGlobalSection
	GlobalSection(ProjectConfigurationPlatforms) = postSolution
		{23B8085E-98DA-4179-A381-EB29502DF63E}.Debug|Any CPU.ActiveCfg = Debug|Any CPU
		{23B8085E-98DA-4179-A381-EB29502DF63E}.Debug|Any CPU.Build.0 = Debug|Any CPU
		{23B8085E-98DA-4179-A381-EB29502DF63E}.Release|Any CPU.ActiveCfg = Release|Any CPU
		{23B8085E-98DA-4179-A381-EB29502DF63E}.Release|Any CPU.Build.0 = Release|Any CPU
	EndGlobalSection
	GlobalSection(SolutionProperties) = preSolution
		HideSolutionNode = FALSE
	EndGlobalSection
	GlobalSection(ExtensibilityGlobals) = postSolution
		SolutionGuid = {A1C1D2B2-1077-44F8-AC9C-32A8B2B312BB}
	EndGlobalSection
EndGlobal
